
Microsoft Visual Studio Solution File, Format Version 12.00
# Visual Studio Version 16
VisualStudioVersion = 16.0.30413.136
MinimumVisualStudioVersion = 10.0.40219.1
Project("{9A19103F-16F7-4668-BE54-9A1E7A4F7556}") = "Notify.WebApi", "Notify.WebApi\Notify.WebApi.csproj", "{04CC9AA4-E31F-4974-85D9-29C65DCB0F4A}"
EndProject
Project("{9A19103F-16F7-4668-BE54-9A1E7A4F7556}") = "Notify.Bll", "Notify.Bll\Notify.Bll.csproj", "{D8B9153E-3D4A-4EF6-92A2-A515FE65CFF1}"
EndProject
Project("{9A19103F-16F7-4668-BE54-9A1E7A4F7556}") = "Notify.Dal", "Notify.Dal\Notify.Dal.csproj", "{A40C5C86-E5B3-43D0-AC48-7675141B233B}"
EndProject
Project("{9A19103F-16F7-4668-BE54-9A1E7A4F7556}") = "Notify.Dal.MySql", "Notify.Dal.MySql\Notify.Dal.MySql.csproj", "{E7E0A386-0927-484B-BD0C-AABBC59908A1}"
EndProject
Project("{9A19103F-16F7-4668-BE54-9A1E7A4F7556}") = "Notify.Dal.MySql.Migrations", "Notify.Dal.MySql.Migrations\Notify.Dal.MySql.Migrations.csproj", "{F0166882-4E52-4699-96F1-D5F0EFD45C2D}"
EndProject
Project("{9A19103F-16F7-4668-BE54-9A1E7A4F7556}") = "Notify.Telegram", "Notify.Telegram\Notify.Telegram.csproj", "{4FE9B83A-2C15-4470-AE9C-96BBBD30999E}"
EndProject
Project("{9A19103F-16F7-4668-BE54-9A1E7A4F7556}") = "Notify.Mail", "Notify.Mail\Notify.Mail.csproj", "{F4690148-9A38-4C48-B73E-049428239789}"
EndProject
Project("{2150E333-8FDC-42A3-9474-1A3956D46DE8}") = "Solution Items", "Solution Items", "{69F994E5-9CEF-43AE-BE46-DC85E5B9DA49}"
	ProjectSection(SolutionItems) = preProject
		.editorconfig = .editorconfig
	EndProjectSection
EndProject
Project("{9A19103F-16F7-4668-BE54-9A1E7A4F7556}") = "FT.Extending", "FT.Common\FT.Extending\FT.Extending.csproj", "{25F83319-E84E-4804-BA65-F0D6D9C03FF4}"
EndProject
Project("{9A19103F-16F7-4668-BE54-9A1E7A4F7556}") = "Notify.Common", "Notify.Common\Notify.Common.csproj", "{D47A30D8-6BC4-497E-983E-5B8ABCD1095B}"
EndProject
Global
	GlobalSection(SolutionConfigurationPlatforms) = preSolution
		Debug|Any CPU = Debug|Any CPU
		Release|Any CPU = Release|Any CPU
	EndGlobalSection
	GlobalSection(ProjectConfigurationPlatforms) = postSolution
		{04CC9AA4-E31F-4974-85D9-29C65DCB0F4A}.Debug|Any CPU.ActiveCfg = Debug|Any CPU
		{04CC9AA4-E31F-4974-85D9-29C65DCB0F4A}.Debug|Any CPU.Build.0 = Debug|Any CPU
		{04CC9AA4-E31F-4974-85D9-29C65DCB0F4A}.Release|Any CPU.ActiveCfg = Release|Any CPU
		{04CC9AA4-E31F-4974-85D9-29C65DCB0F4A}.Release|Any CPU.Build.0 = Release|Any CPU
		{D8B9153E-3D4A-4EF6-92A2-A515FE65CFF1}.Debug|Any CPU.ActiveCfg = Debug|Any CPU
		{D8B9153E-3D4A-4EF6-92A2-A515FE65CFF1}.Debug|Any CPU.Build.0 = Debug|Any CPU
		{D8B9153E-3D4A-4EF6-92A2-A515FE65CFF1}.Release|Any CPU.ActiveCfg = Release|Any CPU
		{D8B9153E-3D4A-4EF6-92A2-A515FE65CFF1}.Release|Any CPU.Build.0 = Release|Any CPU
		{A40C5C86-E5B3-43D0-AC48-7675141B233B}.Debug|Any CPU.ActiveCfg = Debug|Any CPU
		{A40C5C86-E5B3-43D0-AC48-7675141B233B}.Debug|Any CPU.Build.0 = Debug|Any CPU
		{A40C5C86-E5B3-43D0-AC48-7675141B233B}.Release|Any CPU.ActiveCfg = Release|Any CPU
		{A40C5C86-E5B3-43D0-AC48-7675141B233B}.Release|Any CPU.Build.0 = Release|Any CPU
		{E7E0A386-0927-484B-BD0C-AABBC59908A1}.Debug|Any CPU.ActiveCfg = Debug|Any CPU
		{E7E0A386-0927-484B-BD0C-AABBC59908A1}.Debug|Any CPU.Build.0 = Debug|Any CPU
		{E7E0A386-0927-484B-BD0C-AABBC59908A1}.Release|Any CPU.ActiveCfg = Release|Any CPU
		{E7E0A386-0927-484B-BD0C-AABBC59908A1}.Release|Any CPU.Build.0 = Release|Any CPU
		{F0166882-4E52-4699-96F1-D5F0EFD45C2D}.Debug|Any CPU.ActiveCfg = Debug|Any CPU
		{F0166882-4E52-4699-96F1-D5F0EFD45C2D}.Debug|Any CPU.Build.0 = Debug|Any CPU
		{F0166882-4E52-4699-96F1-D5F0EFD45C2D}.Release|Any CPU.ActiveCfg = Release|Any CPU
		{F0166882-4E52-4699-96F1-D5F0EFD45C2D}.Release|Any CPU.Build.0 = Release|Any CPU
		{4FE9B83A-2C15-4470-AE9C-96BBBD30999E}.Debug|Any CPU.ActiveCfg = Debug|Any CPU
		{4FE9B83A-2C15-4470-AE9C-96BBBD30999E}.Debug|Any CPU.Build.0 = Debug|Any CPU
		{4FE9B83A-2C15-4470-AE9C-96BBBD30999E}.Release|Any CPU.ActiveCfg = Release|Any CPU
		{4FE9B83A-2C15-4470-AE9C-96BBBD30999E}.Release|Any CPU.Build.0 = Release|Any CPU
		{F4690148-9A38-4C48-B73E-049428239789}.Debug|Any CPU.ActiveCfg = Debug|Any CPU
		{F4690148-9A38-4C48-B73E-049428239789}.Debug|Any CPU.Build.0 = Debug|Any CPU
		{F4690148-9A38-4C48-B73E-049428239789}.Release|Any CPU.ActiveCfg = Release|Any CPU
		{F4690148-9A38-4C48-B73E-049428239789}.Release|Any CPU.Build.0 = Release|Any CPU
		{25F83319-E84E-4804-BA65-F0D6D9C03FF4}.Debug|Any CPU.ActiveCfg = Debug|Any CPU
		{25F83319-E84E-4804-BA65-F0D6D9C03FF4}.Debug|Any CPU.Build.0 = Debug|Any CPU
		{25F83319-E84E-4804-BA65-F0D6D9C03FF4}.Release|Any CPU.ActiveCfg = Release|Any CPU
		{25F83319-E84E-4804-BA65-F0D6D9C03FF4}.Release|Any CPU.Build.0 = Release|Any CPU
		{D47A30D8-6BC4-497E-983E-5B8ABCD1095B}.Debug|Any CPU.ActiveCfg = Debug|Any CPU
		{D47A30D8-6BC4-497E-983E-5B8ABCD1095B}.Debug|Any CPU.Build.0 = Debug|Any CPU
		{D47A30D8-6BC4-497E-983E-5B8ABCD1095B}.Release|Any CPU.ActiveCfg = Release|Any CPU
		{D47A30D8-6BC4-497E-983E-5B8ABCD1095B}.Release|Any CPU.Build.0 = Release|Any CPU
	EndGlobalSection
	GlobalSection(SolutionProperties) = preSolution
		HideSolutionNode = FALSE
	EndGlobalSection
	GlobalSection(ExtensibilityGlobals) = postSolution
		SolutionGuid = {BE53B314-FE30-4BAE-AA8D-700CA42CC496}
	EndGlobalSection
EndGlobal
